<?xml version="1.0" encoding="UTF-8" standalone="yes" ?>
<CodeBlocks_project_file>
	<FileVersion major="1" minor="6" />
	<Project>
		<Option title="ALOHA_1D" />
		<Option pch_mode="2" />
		<Option compiler="g95" />
		<Build>
			<Target title="Debug">
				<Option output="bin/Debug/ALOHA_1D" prefix_auto="1" extension_auto="1" />
				<Option object_output="obj/Debug/" />
				<Option type="1" />
				<Option compiler="g95" />
			</Target>
			<Target title="Release">
				<Option output="bin/Release/ALOHA_1D" prefix_auto="1" extension_auto="1" />
				<Option object_output="obj/Release/" />
				<Option type="1" />
				<Option compiler="g95" />
			</Target>
		</Build>
		<Compiler>
			<Add option="-Wall" />
		</Compiler>
		<Unit filename="main.f90" />
		<Extensions>
			<envvars />
			<debugger />
		</Extensions>
	</Project>
</CodeBlocks_project_file>
